
Microsoft Visual Studio Solution File, Format Version 12.00
# Visual Studio Version 17
VisualStudioVersion = 17.9.34728.123
MinimumVisualStudioVersion = 10.0.40219.1
Project("{FAE04EC0-301F-11D3-BF4B-00C04F79EFBC}") = "API", "API\API.csproj", "{C2C54E6D-1316-4F31-8369-34551C49AA66}"
EndProject
Project("{FAE04EC0-301F-11D3-BF4B-00C04F79EFBC}") = "Repositories", "Repositories\Repositories.csproj", "{C2E3082F-0A5F-4AD3-9A73-4F93E0A72909}"
EndProject
Global
	GlobalSection(SolutionConfigurationPlatforms) = preSolution
		Debug|Any CPU = Debug|Any CPU
		Release|Any CPU = Release|Any CPU
	EndGlobalSection
	GlobalSection(ProjectConfigurationPlatforms) = postSolution
		{C2C54E6D-1316-4F31-8369-34551C49AA66}.Debug|Any CPU.ActiveCfg = Debug|Any CPU
		{C2C54E6D-1316-4F31-8369-34551C49AA66}.Debug|Any CPU.Build.0 = Debug|Any CPU
		{C2C54E6D-1316-4F31-8369-34551C49AA66}.Release|Any CPU.ActiveCfg = Release|Any CPU
		{C2C54E6D-1316-4F31-8369-34551C49AA66}.Release|Any CPU.Build.0 = Release|Any CPU
		{C2E3082F-0A5F-4AD3-9A73-4F93E0A72909}.Debug|Any CPU.ActiveCfg = Debug|Any CPU
		{C2E3082F-0A5F-4AD3-9A73-4F93E0A72909}.Debug|Any CPU.Build.0 = Debug|Any CPU
		{C2E3082F-0A5F-4AD3-9A73-4F93E0A72909}.Release|Any CPU.ActiveCfg = Release|Any CPU
		{C2E3082F-0A5F-4AD3-9A73-4F93E0A72909}.Release|Any CPU.Build.0 = Release|Any CPU
	EndGlobalSection
	GlobalSection(SolutionProperties) = preSolution
		HideSolutionNode = FALSE
	EndGlobalSection
	GlobalSection(ExtensibilityGlobals) = postSolution
		SolutionGuid = {C9D00951-C23B-492C-BC5E-882B6E482FD9}
	EndGlobalSection
EndGlobal
